<?xml version="1.0" encoding="utf-8"?>
<Project ToolsVersion="4.0" xmlns="http://schemas.microsoft.com/developer/msbuild/2003">
  <ItemGroup>
    <ClCompile Include="main.cpp" />
  </ItemGroup>
  <ItemGroup>
    <ClInclude Include="_pass.h" />
    <ClInclude Include="_result.h" />
    <ClInclude Include="_bracketer.h" />
    <ClInclude Include="main.hpp" />
    <ClInclude Include="_common.h" />
    <ClInclude Include="aux_abc.h" />
    <ClInclude Include="aux_array.h" />
    <ClInclude Include="aux_string.h" />
    <ClInclude Include="aux_queue.h" />
    <ClInclude Include="0.h">
      <Filter>0</Filter>
    </ClInclude>
    <ClInclude Include="0_00_unzip.h">
      <Filter>0</Filter>
    </ClInclude>
    <ClInclude Include="0_10_unxml.h">
      <Filter>0</Filter>
    </ClInclude>
    <ClInclude Include="0_20_unuse.h">
      <Filter>0</Filter>
    </ClInclude>
    <ClInclude Include="0_30_unmeta.h">
      <Filter>0</Filter>
    </ClInclude>
    <ClInclude Include="0_50_html.h">
      <Filter>0</Filter>
    </ClInclude>
    <ClInclude Include="0_90_sort.h">
      <Filter>0</Filter>
    </ClInclude>
    <ClInclude Include="0_99_save.h">
      <Filter>0</Filter>
    </ClInclude>
    <ClInclude Include="1.h">
      <Filter>1</Filter>
    </ClInclude>
    <ClInclude Include="1_00_load.h">
      <Filter>1</Filter>
    </ClInclude>
    <ClInclude Include="1_10_redirect.h">
      <Filter>1</Filter>
    </ClInclude>
    <ClInclude Include="1_20_modules.h">
      <Filter>1</Filter>
    </ClInclude>
    <ClInclude Include="1_50_english.h">
      <Filter>1</Filter>
    </ClInclude>
    <ClInclude Include="1_60_headers.h">
      <Filter>1</Filter>
    </ClInclude>
    <ClInclude Include="1_99_save.h">
      <Filter>1</Filter>
    </ClInclude>
    <ClInclude Include="_args.h" />
    <ClInclude Include="2_00_load.h">
      <Filter>2</Filter>
    </ClInclude>
    <ClInclude Include="2.h">
      <Filter>2</Filter>
    </ClInclude>
    <ClInclude Include="2_10_brackets.h">
      <Filter>2</Filter>
    </ClInclude>
    <ClInclude Include="2_20_lexforms1.h">
      <Filter>2</Filter>
    </ClInclude>
    <ClInclude Include="2_20_lexforms2.h">
      <Filter>2</Filter>
    </ClInclude>
    <ClInclude Include="2_20_lexforms22.h">
      <Filter>2</Filter>
    </ClInclude>
    <ClInclude Include="a2_50_templates.h" />
    <ClInclude Include="a2_51_template_label.h" />
    <ClInclude Include="a2_70_tags.h" />
    <ClInclude Include="a2_90_save.h" />
    <ClInclude Include="a3.h" />
    <ClInclude Include="a3_00_paragraphs.h" />
    <ClInclude Include="a3_10_lex_items.h" />
    <ClInclude Include="a3_20_rel_items.h" />
    <ClInclude Include="a3_30_lex_notes.h" />
    <ClInclude Include="a3_50_templates.h" />
    <ClInclude Include="a4.h" />
    <ClInclude Include="a4_00_paragraphs.h" />
    <ClInclude Include="a4_10_lexforms1.h" />
    <ClInclude Include="a4_20_lexforms2.h" />
    <ClInclude Include="a4_90_out.h" />
    <ClInclude Include="a5_30_untag.h" />
    <ClInclude Include="a5_80_cleanup.h" />
    <ClInclude Include="2_99_save.h">
      <Filter>2</Filter>
    </ClInclude>
    <ClInclude Include="3.h">
      <Filter>3</Filter>
    </ClInclude>
    <ClInclude Include="3_00_load.h">
      <Filter>3</Filter>
    </ClInclude>
    <ClInclude Include="3_10_lexforms1n.h">
      <Filter>3</Filter>
    </ClInclude>
    <ClInclude Include="3_20_lexforms1v.h">
      <Filter>3</Filter>
    </ClInclude>
  </ItemGroup>
  <ItemGroup>
    <Filter Include="0">
      <UniqueIdentifier>{d9634f68-4c98-462c-a159-0f481a172bb3}</UniqueIdentifier>
    </Filter>
    <Filter Include="1">
      <UniqueIdentifier>{3711f56f-b474-4779-ae3c-f33cbcf4e200}</UniqueIdentifier>
    </Filter>
    <Filter Include="2">
      <UniqueIdentifier>{7b8d89b8-7f10-4638-bca9-36b2d0ce93f6}</UniqueIdentifier>
    </Filter>
    <Filter Include="3">
      <UniqueIdentifier>{50d63ec6-6432-4b67-b5f5-22eeb8138b47}</UniqueIdentifier>
    </Filter>
  </ItemGroup>
</Project>