<?xml version="1.0" encoding="utf-8"?>
<Project ToolsVersion="4.0" xmlns="http://schemas.microsoft.com/developer/msbuild/2003">
  <ItemGroup>
    <ClCompile Include="main.cpp" />
  </ItemGroup>
  <ItemGroup>
    <ClInclude Include="1_10_unxml.h" />
    <ClInclude Include="_report.h" />
    <ClInclude Include="_pass.h" />
    <ClInclude Include="1_00_unzip.h" />
    <ClInclude Include="1.h" />
    <ClInclude Include="_aux.h" />
    <ClInclude Include="_ioqueue.h" />
    <ClInclude Include="_result.h" />
    <ClInclude Include="2.h" />
    <ClInclude Include="2_10_english.h" />
  </ItemGroup>
</Project>