<?xml version="1.0" encoding="utf-8"?>
<Project ToolsVersion="4.0" xmlns="http://schemas.microsoft.com/developer/msbuild/2003">
  <ItemGroup>
    <ClCompile Include="main.cpp" />
  </ItemGroup>
  <ItemGroup>
    <ClInclude Include="_pass.h" />
    <ClInclude Include="1.h" />
    <ClInclude Include="_aux.h" />
    <ClInclude Include="_ioqueue.h" />
    <ClInclude Include="_result.h" />
    <ClInclude Include="2.h" />
    <ClInclude Include="3.h" />
    <ClInclude Include="3_15_brackets.h" />
    <ClInclude Include="1_00_unzip.h" />
    <ClInclude Include="1_10_unxml.h" />
    <ClInclude Include="1_20_skip.h" />
    <ClInclude Include="1_30_untag.h" />
    <ClInclude Include="2_10_english.h" />
    <ClInclude Include="2_20_headers.h" />
    <ClInclude Include="2_40_cleanup.h" />
    <ClInclude Include="4_30_unquote.h" />
    <ClInclude Include="4_20_templates.h" />
    <ClInclude Include="4.h" />
    <ClInclude Include="_bracketer.h" />
    <ClInclude Include="4_10_gather.h" />
    <ClInclude Include="3_10_paragraphs.h" />
    <ClInclude Include="3_30_forms.h" />
    <ClInclude Include="5_20_templates.h" />
    <ClInclude Include="3_20_links.h" />
  </ItemGroup>
</Project>